{
  "nodes": {
    "nixpkgs": {
      "locked": {
        "lastModified": 1789945018,
        "narHash": "sha256-PrfVens+EifBPlBJBi7xeYoEXYhOY49kLFLsqbZORM4=",
        "owner": "NixOS",
        "repo": "nixpkgs",
        "rev": "c6d4a3753f2abc8118b7a3738c54128979916b9d",
        "type": "github"
      },
      "original": {
        "owner": "NixOS",
        "ref": "nixpkgs-unstable",
        "repo": "nixpkgs",
        "type": "github"
      }
    },
    "root": {
      "inputs": {
        "nixpkgs": "nixpkgs"
      }
    }
  },
  "root": "root",
  "version": 7
}
